
Microsoft Visual Studio Solution File, Format Version 12.00
# Visual Studio Version 16
VisualStudioVersion = 16.0.31702.278
MinimumVisualStudioVersion = 10.0.40219.1
Project("{FAE04EC0-301F-11D3-BF4B-00C04F79EFBC}") = "QRCodeGenerator", "QRCodeGenerator\QRCodeGenerator.csproj", "{72F8F9A8-F285-45C2-BDB2-33F700988140}"
EndProject
Global
	GlobalSection(SolutionConfigurationPlatforms) = preSolution
		Debug|Any CPU = Debug|Any CPU
		Release|Any CPU = Release|Any CPU
	EndGlobalSection
	GlobalSection(ProjectConfigurationPlatforms) = postSolution
		{72F8F9A8-F285-45C2-BDB2-33F700988140}.Debug|Any CPU.ActiveCfg = Debug|Any CPU
		{72F8F9A8-F285-45C2-BDB2-33F700988140}.Debug|Any CPU.Build.0 = Debug|Any CPU
		{72F8F9A8-F285-45C2-BDB2-33F700988140}.Release|Any CPU.ActiveCfg = Release|Any CPU
		{72F8F9A8-F285-45C2-BDB2-33F700988140}.Release|Any CPU.Build.0 = Release|Any CPU
	EndGlobalSection
	GlobalSection(SolutionProperties) = preSolution
		HideSolutionNode = FALSE
	EndGlobalSection
	GlobalSection(ExtensibilityGlobals) = postSolution
		SolutionGuid = {3467D617-E5CA-4CE8-B76F-8328926F0C33}
	EndGlobalSection
EndGlobal
